
Microsoft Visual Studio Solution File, Format Version 12.00
# Visual Studio 15
VisualStudioVersion = 15.0.28010.2036
MinimumVisualStudioVersion = 10.0.40219.1
Project("{FAE04EC0-301F-11D3-BF4B-00C04F79EFBC}") = "LMSUS", "LMSUS\LMSUS.csproj", "{B525169D-4AA8-46F2-A15F-298F9FCFDAEC}"
EndProject
Global
	GlobalSection(SolutionConfigurationPlatforms) = preSolution
		Debug|Any CPU = Debug|Any CPU
		Release|Any CPU = Release|Any CPU
	EndGlobalSection
	GlobalSection(ProjectConfigurationPlatforms) = postSolution
		{B525169D-4AA8-46F2-A15F-298F9FCFDAEC}.Debug|Any CPU.ActiveCfg = Debug|Any CPU
		{B525169D-4AA8-46F2-A15F-298F9FCFDAEC}.Debug|Any CPU.Build.0 = Debug|Any CPU
		{B525169D-4AA8-46F2-A15F-298F9FCFDAEC}.Release|Any CPU.ActiveCfg = Release|Any CPU
		{B525169D-4AA8-46F2-A15F-298F9FCFDAEC}.Release|Any CPU.Build.0 = Release|Any CPU
	EndGlobalSection
	GlobalSection(SolutionProperties) = preSolution
		HideSolutionNode = FALSE
	EndGlobalSection
	GlobalSection(ExtensibilityGlobals) = postSolution
		SolutionGuid = {3B300204-420C-48F3-B17E-B7E5DA790AD5}
	EndGlobalSection
EndGlobal
